{
  "name": "shortcut-agent-cli",
  "version": "0.1.0",
  "lockfileVersion": 3,
  "requires": true,
  "packages": {
    "": {
      "name": "shortcut-agent-cli",
      "version": "0.1.0",
      "license": "MIT",
      "bin": {
        "shortcut-agent": "bin/shortcut-agent.js"
      },
      "engines": {
        "node": ">=22"
      }
    }
  }
}
